
Microsoft Visual Studio Solution File, Format Version 12.00
# Visual Studio Version 17
VisualStudioVersion = 17.14.36603.0 d17.14
MinimumVisualStudioVersion = 10.0.40219.1
Project("{FAE04EC0-301F-11D3-BF4B-00C04F79EFBC}") = "PB_AnaliseCredito", "PB_AnaliseCredito\PB_AnaliseCredito.csproj", "{3C935215-55BF-49E9-BF7B-FD7E35B81563}"
EndProject
Global
	GlobalSection(SolutionConfigurationPlatforms) = preSolution
		Debug|Any CPU = Debug|Any CPU
		Release|Any CPU = Release|Any CPU
	EndGlobalSection
	GlobalSection(ProjectConfigurationPlatforms) = postSolution
		{3C935215-55BF-49E9-BF7B-FD7E35B81563}.Debug|Any CPU.ActiveCfg = Debug|Any CPU
		{3C935215-55BF-49E9-BF7B-FD7E35B81563}.Debug|Any CPU.Build.0 = Debug|Any CPU
		{3C935215-55BF-49E9-BF7B-FD7E35B81563}.Release|Any CPU.ActiveCfg = Release|Any CPU
		{3C935215-55BF-49E9-BF7B-FD7E35B81563}.Release|Any CPU.Build.0 = Release|Any CPU
	EndGlobalSection
	GlobalSection(SolutionProperties) = preSolution
		HideSolutionNode = FALSE
	EndGlobalSection
	GlobalSection(ExtensibilityGlobals) = postSolution
		SolutionGuid = {DAD199B0-2AB5-4B03-9304-E824C8004EF1}
	EndGlobalSection
EndGlobal
